// !$*UTF8*$!
{
	archiveVersion = 1;
	classes = {
	};
	objectVersion = 56;
	objects = {

/* Begin PBXBuildFile section */
		9814ED112BBBA51E0030524B /* Cafe_ProjectApp.swift in Sources */ = {isa = PBXBuildFile; fileRef = 9814ED102BBBA51E0030524B /* Cafe_ProjectApp.swift */; };
		9814ED132BBBA51E0030524B /* ContentView.swift in Sources */ = {isa = PBXBuildFile; fileRef = 9814ED122BBBA51E0030524B /* ContentView.swift */; };
		9814ED152BBBA51E0030524B /* Item.swift in Sources */ = {isa = PBXBuildFile; fileRef = 9814ED142BBBA51E0030524B /* Item.swift */; };
		9814ED172BBBA51F0030524B /* Assets.xcassets in Resources */ = {isa = PBXBuildFile; fileRef = 9814ED162BBBA51F0030524B /* Assets.xcassets */; };
		9814ED1A2BBBA51F0030524B /* Preview Assets.xcassets in Resources */ = {isa = PBXBuildFile; fileRef = 9814ED192BBBA51F0030524B /* Preview Assets.xcassets */; };
		9814ED242BBBA51F0030524B /* Cafe_ProjectTests.swift in Sources */ = {isa = PBXBuildFile; fileRef = 9814ED232BBBA51F0030524B /* Cafe_ProjectTests.swift */; };
		9814ED2E2BBBA51F0030524B /* Cafe_ProjectUITests.swift in Sources */ = {isa = PBXBuildFile; fileRef = 9814ED2D2BBBA51F0030524B /* Cafe_ProjectUITests.swift */; };
		9814ED302BBBA51F0030524B /* Cafe_ProjectUITestsLaunchTests.swift in Sources */ = {isa = PBXBuildFile; fileRef = 9814ED2F2BBBA51F0030524B /* Cafe_ProjectUITestsLaunchTests.swift */; };
/* End PBXBuildFile section */

/* Begin PBXContainerItemProxy section */
		9814ED202BBBA51F0030524B /* PBXContainerItemProxy */ = {
			isa = PBXContainerItemProxy;
			containerPortal = 9814ED052BBBA51D0030524B /* Project object */;
			proxyType = 1;
			remoteGlobalIDString = 9814ED0C2BBBA51E0030524B;
			remoteInfo = "Cafe-Project";
		};
		9814ED2A2BBBA51F0030524B /* PBXContainerItemProxy */ = {
			isa = PBXContainerItemProxy;
			containerPortal = 9814ED052BBBA51D0030524B /* Project object */;
			proxyType = 1;
			remoteGlobalIDString = 9814ED0C2BBBA51E0030524B;
			remoteInfo = "Cafe-Project";
		};
/* End PBXContainerItemProxy section */

/* Begin PBXFileReference section */
		9814ED0D2BBBA51E0030524B /* Cafe-Project.app */ = {isa = PBXFileReference; explicitFileType = wrapper.application; includeInIndex = 0; path = "Cafe-Project.app"; sourceTree = BUILT_PRODUCTS_DIR; };
		9814ED102BBBA51E0030524B /* Cafe_ProjectApp.swift */ = {isa = PBXFileReference; lastKnownFileType = sourcecode.swift; path = Cafe_ProjectApp.swift; sourceTree = "<group>"; };
		9814ED122BBBA51E0030524B /* ContentView.swift */ = {isa = PBXFileReference; lastKnownFileType = sourcecode.swift; path = ContentView.swift; sourceTree = "<group>"; };
		9814ED142BBBA51E0030524B /* Item.swift */ = {isa = PBXFileReference; lastKnownFileType = sourcecode.swift; path = Item.swift; sourceTree = "<group>"; };
		9814ED162BBBA51F0030524B /* Assets.xcassets */ = {isa = PBXFileReference; lastKnownFileType = folder.assetcatalog; path = Assets.xcassets; sourceTree = "<group>"; };
		9814ED192BBBA51F0030524B /* Preview Assets.xcassets */ = {isa = PBXFileReference; lastKnownFileType = folder.assetcatalog; path = "Preview Assets.xcassets"; sourceTree = "<group>"; };
		9814ED1F2BBBA51F0030524B /* Cafe-ProjectTests.xctest */ = {isa = PBXFileReference; explicitFileType = wrapper.cfbundle; includeInIndex = 0; path = "Cafe-ProjectTests.xctest"; sourceTree = BUILT_PRODUCTS_DIR; };
		9814ED232BBBA51F0030524B /* Cafe_ProjectTests.swift */ = {isa = PBXFileReference; lastKnownFileType = sourcecode.swift; path = Cafe_ProjectTests.swift; sourceTree = "<group>"; };
		9814ED292BBBA51F0030524B /* Cafe-ProjectUITests.xctest */ = {isa = PBXFileReference; explicitFileType = wrapper.cfbundle; includeInIndex = 0; path = "Cafe-ProjectUITests.xctest"; sourceTree = BUILT_PRODUCTS_DIR; };
		9814ED2D2BBBA51F0030524B /* Cafe_ProjectUITests.swift */ = {isa = PBXFileReference; lastKnownFileType = sourcecode.swift; path = Cafe_ProjectUITests.swift; sourceTree = "<group>"; };
		9814ED2F2BBBA51F0030524B /* Cafe_ProjectUITestsLaunchTests.swift */ = {isa = PBXFileReference; lastKnownFileType = sourcecode.swift; path = Cafe_ProjectUITestsLaunchTests.swift; sourceTree = "<group>"; };
/* End PBXFileReference section */

/* Begin PBXFrameworksBuildPhase section */
		9814ED0A2BBBA51E0030524B /* Frameworks */ = {
			isa = PBXFrameworksBuildPhase;
			buildActionMask = 2147483647;
			files = (
			);
			runOnlyForDeploymentPostprocessing = 0;
		};
		9814ED1C2BBBA51F0030524B /* Frameworks */ = {
			isa = PBXFrameworksBuildPhase;
			buildActionMask = 2147483647;
			files = (
			);
			runOnlyForDeploymentPostprocessing = 0;
		};
		9814ED262BBBA51F0030524B /* Frameworks */ = {
			isa = PBXFrameworksBuildPhase;
			buildActionMask = 2147483647;
			files = (
			);
			runOnlyForDeploymentPostprocessing = 0;
		};
/* End PBXFrameworksBuildPhase section */

/* Begin PBXGroup section */
		9814ED042BBBA51D0030524B = {
			isa = PBXGroup;
			children = (
				9814ED0F2BBBA51E0030524B /* Cafe-Project */,
				9814ED222BBBA51F0030524B /* Cafe-ProjectTests */,
				9814ED2C2BBBA51F0030524B /* Cafe-ProjectUITests */,
				9814ED0E2BBBA51E0030524B /* Products */,
			);
			sourceTree = "<group>";
		};
		9814ED0E2BBBA51E0030524B /* Products */ = {
			isa = PBXGroup;
			children = (
				9814ED0D2BBBA51E0030524B /* Cafe-Project.app */,
				9814ED1F2BBBA51F0030524B /* Cafe-ProjectTests.xctest */,
				9814ED292BBBA51F0030524B /* Cafe-ProjectUITests.xctest */,
			);
			name = Products;
			sourceTree = "<group>";
		};
		9814ED0F2BBBA51E0030524B /* Cafe-Project */ = {
			isa = PBXGroup;
			children = (
				9814ED102BBBA51E0030524B /* Cafe_ProjectApp.swift */,
				9814ED122BBBA51E0030524B /* ContentView.swift */,
				9814ED142BBBA51E0030524B /* Item.swift */,
				9814ED162BBBA51F0030524B /* Assets.xcassets */,
				9814ED182BBBA51F0030524B /* Preview Content */,
			);
			path = "Cafe-Project";
			sourceTree = "<group>";
		};
		9814ED182BBBA51F0030524B /* Preview Content */ = {
			isa = PBXGroup;
			children = (
				9814ED192BBBA51F0030524B /* Preview Assets.xcassets */,
			);
			path = "Preview Content";
			sourceTree = "<group>";
		};
		9814ED222BBBA51F0030524B /* Cafe-ProjectTests */ = {
			isa = PBXGroup;
			children = (
				9814ED232BBBA51F0030524B /* Cafe_ProjectTests.swift */,
			);
			path = "Cafe-ProjectTests";
			sourceTree = "<group>";
		};
		9814ED2C2BBBA51F0030524B /* Cafe-ProjectUITests */ = {
			isa = PBXGroup;
			children = (
				9814ED2D2BBBA51F0030524B /* Cafe_ProjectUITests.swift */,
				9814ED2F2BBBA51F0030524B /* Cafe_ProjectUITestsLaunchTests.swift */,
			);
			path = "Cafe-ProjectUITests";
			sourceTree = "<group>";
		};
/* End PBXGroup section */

/* Begin PBXNativeTarget section */
		9814ED0C2BBBA51E0030524B /* Cafe-Project */ = {
			isa = PBXNativeTarget;
			buildConfigurationList = 9814ED332BBBA51F0030524B /* Build configuration list for PBXNativeTarget "Cafe-Project" */;
			buildPhases = (
				9814ED092BBBA51E0030524B /* Sources */,
				9814ED0A2BBBA51E0030524B /* Frameworks */,
				9814ED0B2BBBA51E0030524B /* Resources */,
			);
			buildRules = (
			);
			dependencies = (
			);
			name = "Cafe-Project";
			productName = "Cafe-Project";
			productReference = 9814ED0D2BBBA51E0030524B /* Cafe-Project.app */;
			productType = "com.apple.product-type.application";
		};
		9814ED1E2BBBA51F0030524B /* Cafe-ProjectTests */ = {
			isa = PBXNativeTarget;
			buildConfigurationList = 9814ED362BBBA51F0030524B /* Build configuration list for PBXNativeTarget "Cafe-ProjectTests" */;
			buildPhases = (
				9814ED1B2BBBA51F0030524B /* Sources */,
				9814ED1C2BBBA51F0030524B /* Frameworks */,
				9814ED1D2BBBA51F0030524B /* Resources */,
			);
			buildRules = (
			);
			dependencies = (
				9814ED212BBBA51F0030524B /* PBXTargetDependency */,
			);
			name = "Cafe-ProjectTests";
			productName = "Cafe-ProjectTests";
			productReference = 9814ED1F2BBBA51F0030524B /* Cafe-ProjectTests.xctest */;
			productType = "com.apple.product-type.bundle.unit-test";
		};
		9814ED282BBBA51F0030524B /* Cafe-ProjectUITests */ = {
			isa = PBXNativeTarget;
			buildConfigurationList = 9814ED392BBBA51F0030524B /* Build configuration list for PBXNativeTarget "Cafe-ProjectUITests" */;
			buildPhases = (
				9814ED252BBBA51F0030524B /* Sources */,
				9814ED262BBBA51F0030524B /* Frameworks */,
				9814ED272BBBA51F0030524B /* Resources */,
			);
			buildRules = (
			);
			dependencies = (
				9814ED2B2BBBA51F0030524B /* PBXTargetDependency */,
			);
			name = "Cafe-ProjectUITests";
			productName = "Cafe-ProjectUITests";
			productReference = 9814ED292BBBA51F0030524B /* Cafe-ProjectUITests.xctest */;
			productType = "com.apple.product-type.bundle.ui-testing";
		};
/* End PBXNativeTarget section */

/* Begin PBXProject section */
		9814ED052BBBA51D0030524B /* Project object */ = {
			isa = PBXProject;
			attributes = {
				BuildIndependentTargetsInParallel = 1;
				LastSwiftUpdateCheck = 1530;
				LastUpgradeCheck = 1530;
				TargetAttributes = {
					9814ED0C2BBBA51E0030524B = {
						CreatedOnToolsVersion = 15.3;
					};
					9814ED1E2BBBA51F0030524B = {
						CreatedOnToolsVersion = 15.3;
						TestTargetID = 9814ED0C2BBBA51E0030524B;
					};
					9814ED282BBBA51F0030524B = {
						CreatedOnToolsVersion = 15.3;
						TestTargetID = 9814ED0C2BBBA51E0030524B;
					};
				};
			};
			buildConfigurationList = 9814ED082BBBA51D0030524B /* Build configuration list for PBXProject "Cafe-Project" */;
			compatibilityVersion = "Xcode 14.0";
			developmentRegion = en;
			hasScannedForEncodings = 0;
			knownRegions = (
				en,
				Base,
			);
			mainGroup = 9814ED042BBBA51D0030524B;
			productRefGroup = 9814ED0E2BBBA51E0030524B /* Products */;
			projectDirPath = "";
			projectRoot = "";
			targets = (
				9814ED0C2BBBA51E0030524B /* Cafe-Project */,
				9814ED1E2BBBA51F0030524B /* Cafe-ProjectTests */,
				9814ED282BBBA51F0030524B /* Cafe-ProjectUITests */,
			);
		};
/* End PBXProject section */

/* Begin PBXResourcesBuildPhase section */
		9814ED0B2BBBA51E0030524B /* Resources */ = {
			isa = PBXResourcesBuildPhase;
			buildActionMask = 2147483647;
			files = (
				9814ED1A2BBBA51F0030524B /* Preview Assets.xcassets in Resources */,
				9814ED172BBBA51F0030524B /* Assets.xcassets in Resources */,
			);
			runOnlyForDeploymentPostprocessing = 0;
		};
		9814ED1D2BBBA51F0030524B /* Resources */ = {
			isa = PBXResourcesBuildPhase;
			buildActionMask = 2147483647;
			files = (
			);
			runOnlyForDeploymentPostprocessing = 0;
		};
		9814ED272BBBA51F0030524B /* Resources */ = {
			isa = PBXResourcesBuildPhase;
			buildActionMask = 2147483647;
			files = (
			);
			runOnlyForDeploymentPostprocessing = 0;
		};
/* End PBXResourcesBuildPhase section */

/* Begin PBXSourcesBuildPhase section */
		9814ED092BBBA51E0030524B /* Sources */ = {
			isa = PBXSourcesBuildPhase;
			buildActionMask = 2147483647;
			files = (
				9814ED132BBBA51E0030524B /* ContentView.swift in Sources */,
				9814ED152BBBA51E0030524B /* Item.swift in Sources */,
				9814ED112BBBA51E0030524B /* Cafe_ProjectApp.swift in Sources */,
			);
			runOnlyForDeploymentPostprocessing = 0;
		};
		9814ED1B2BBBA51F0030524B /* Sources */ = {
			isa = PBXSourcesBuildPhase;
			buildActionMask = 2147483647;
			files = (
				9814ED242BBBA51F0030524B /* Cafe_ProjectTests.swift in Sources */,
			);
			runOnlyForDeploymentPostprocessing = 0;
		};
		9814ED252BBBA51F0030524B /* Sources */ = {
			isa = PBXSourcesBuildPhase;
			buildActionMask = 2147483647;
			files = (
				9814ED2E2BBBA51F0030524B /* Cafe_ProjectUITests.swift in Sources */,
				9814ED302BBBA51F0030524B /* Cafe_ProjectUITestsLaunchTests.swift in Sources */,
			);
			runOnlyForDeploymentPostprocessing = 0;
		};
/* End PBXSourcesBuildPhase section */

/* Begin PBXTargetDependency section */
		9814ED212BBBA51F0030524B /* PBXTargetDependency */ = {
			isa = PBXTargetDependency;
			target = 9814ED0C2BBBA51E0030524B /* Cafe-Project */;
			targetProxy = 9814ED202BBBA51F0030524B /* PBXContainerItemProxy */;
		};
		9814ED2B2BBBA51F0030524B /* PBXTargetDependency */ = {
			isa = PBXTargetDependency;
			target = 9814ED0C2BBBA51E0030524B /* Cafe-Project */;
			targetProxy = 9814ED2A2BBBA51F0030524B /* PBXContainerItemProxy */;
		};
/* End PBXTargetDependency section */

/* Begin XCBuildConfiguration section */
		9814ED312BBBA51F0030524B /* Debug */ = {
			isa = XCBuildConfiguration;
			buildSettings = {
				ALWAYS_SEARCH_USER_PATHS = NO;
				ASSETCATALOG_COMPILER_GENERATE_SWIFT_ASSET_SYMBOL_EXTENSIONS = YES;
				CLANG_ANALYZER_NONNULL = YES;
				CLANG_ANALYZER_NUMBER_OBJECT_CONVERSION = YES_AGGRESSIVE;
				CLANG_CXX_LANGUAGE_STANDARD = "gnu++20";
				CLANG_ENABLE_MODULES = YES;
				CLANG_ENABLE_OBJC_ARC = YES;
				CLANG_ENABLE_OBJC_WEAK = YES;
				CLANG_WARN_BLOCK_CAPTURE_AUTORELEASING = YES;
				CLANG_WARN_BOOL_CONVERSION = YES;
				CLANG_WARN_COMMA = YES;
				CLANG_WARN_CONSTANT_CONVERSION = YES;
				CLANG_WARN_DEPRECATED_OBJC_IMPLEMENTATIONS = YES;
				CLANG_WARN_DIRECT_OBJC_ISA_USAGE = YES_ERROR;
				CLANG_WARN_DOCUMENTATION_COMMENTS = YES;
				CLANG_WARN_EMPTY_BODY = YES;
				CLANG_WARN_ENUM_CONVERSION = YES;
				CLANG_WARN_INFINITE_RECURSION = YES;
				CLANG_WARN_INT_CONVERSION = YES;
				CLANG_WARN_NON_LITERAL_NULL_CONVERSION = YES;
				CLANG_WARN_OBJC_IMPLICIT_RETAIN_SELF = YES;
				CLANG_WARN_OBJC_LITERAL_CONVERSION = YES;
				CLANG_WARN_OBJC_ROOT_CLASS = YES_ERROR;
				CLANG_WARN_QUOTED_INCLUDE_IN_FRAMEWORK_HEADER = YES;
				CLANG_WARN_RANGE_LOOP_ANALYSIS = YES;
				CLANG_WARN_STRICT_PROTOTYPES = YES;
				CLANG_WARN_SUSPICIOUS_MOVE = YES;
				CLANG_WARN_UNGUARDED_AVAILABILITY = YES_AGGRESSIVE;
				CLANG_WARN_UNREACHABLE_CODE = YES;
				CLANG_WARN__DUPLICATE_METHOD_MATCH = YES;
				COPY_PHASE_STRIP = NO;
				DEBUG_INFORMATION_FORMAT = dwarf;
				ENABLE_STRICT_OBJC_MSGSEND = YES;
				ENABLE_TESTABILITY = YES;
				ENABLE_USER_SCRIPT_SANDBOXING = YES;
				GCC_C_LANGUAGE_STANDARD = gnu17;
				GCC_DYNAMIC_NO_PIC = NO;
				GCC_NO_COMMON_BLOCKS = YES;
				GCC_OPTIMIZATION_LEVEL = 0;
				GCC_PREPROCESSOR_DEFINITIONS = (
					"DEBUG=1",
					"$(inherited)",
				);
				GCC_WARN_64_TO_32_BIT_CONVERSION = YES;
				GCC_WARN_ABOUT_RETURN_TYPE = YES_ERROR;
				GCC_WARN_UNDECLARED_SELECTOR = YES;
				GCC_WARN_UNINITIALIZED_AUTOS = YES_AGGRESSIVE;
				GCC_WARN_UNUSED_FUNCTION = YES;
				GCC_WARN_UNUSED_VARIABLE = YES;
				IPHONEOS_DEPLOYMENT_TARGET = 17.4;
				LOCALIZATION_PREFERS_STRING_CATALOGS = YES;
				MTL_ENABLE_DEBUG_INFO = INCLUDE_SOURCE;
				MTL_FAST_MATH = YES;
				ONLY_ACTIVE_ARCH = YES;
				SDKROOT = iphoneos;
				SWIFT_ACTIVE_COMPILATION_CONDITIONS = "DEBUG $(inherited)";
				SWIFT_OPTIMIZATION_LEVEL = "-Onone";
			};
			name = Debug;
		};
		9814ED322BBBA51F0030524B /* Release */ = {
			isa = XCBuildConfiguration;
			buildSettings = {
				ALWAYS_SEARCH_USER_PATHS = NO;
				ASSETCATALOG_COMPILER_GENERATE_SWIFT_ASSET_SYMBOL_EXTENSIONS = YES;
				CLANG_ANALYZER_NONNULL = YES;
				CLANG_ANALYZER_NUMBER_OBJECT_CONVERSION = YES_AGGRESSIVE;
				CLANG_CXX_LANGUAGE_STANDARD = "gnu++20";
				CLANG_ENABLE_MODULES = YES;
				CLANG_ENABLE_OBJC_ARC = YES;
				CLANG_ENABLE_OBJC_WEAK = YES;
				CLANG_WARN_BLOCK_CAPTURE_AUTORELEASING = YES;
				CLANG_WARN_BOOL_CONVERSION = YES;
				CLANG_WARN_COMMA = YES;
				CLANG_WARN_CONSTANT_CONVERSION = YES;
				CLANG_WARN_DEPRECATED_OBJC_IMPLEMENTATIONS = YES;
				CLANG_WARN_DIRECT_OBJC_ISA_USAGE = YES_ERROR;
				CLANG_WARN_DOCUMENTATION_COMMENTS = YES;
				CLANG_WARN_EMPTY_BODY = YES;
				CLANG_WARN_ENUM_CONVERSION = YES;
				CLANG_WARN_INFINITE_RECURSION = YES;
				CLANG_WARN_INT_CONVERSION = YES;
				CLANG_WARN_NON_LITERAL_NULL_CONVERSION = YES;
				CLANG_WARN_OBJC_IMPLICIT_RETAIN_SELF = YES;
				CLANG_WARN_OBJC_LITERAL_CONVERSION = YES;
				CLANG_WARN_OBJC_ROOT_CLASS = YES_ERROR;
				CLANG_WARN_QUOTED_INCLUDE_IN_FRAMEWORK_HEADER = YES;
				CLANG_WARN_RANGE_LOOP_ANALYSIS = YES;
				CLANG_WARN_STRICT_PROTOTYPES = YES;
				CLANG_WARN_SUSPICIOUS_MOVE = YES;
				CLANG_WARN_UNGUARDED_AVAILABILITY = YES_AGGRESSIVE;
				CLANG_WARN_UNREACHABLE_CODE = YES;
				CLANG_WARN__DUPLICATE_METHOD_MATCH = YES;
				COPY_PHASE_STRIP = NO;
				DEBUG_INFORMATION_FORMAT = "dwarf-with-dsym";
				ENABLE_NS_ASSERTIONS = NO;
				ENABLE_STRICT_OBJC_MSGSEND = YES;
				ENABLE_USER_SCRIPT_SANDBOXING = YES;
				GCC_C_LANGUAGE_STANDARD = gnu17;
				GCC_NO_COMMON_BLOCKS = YES;
				GCC_WARN_64_TO_32_BIT_CONVERSION = YES;
				GCC_WARN_ABOUT_RETURN_TYPE = YES_ERROR;
				GCC_WARN_UNDECLARED_SELECTOR = YES;
				GCC_WARN_UNINITIALIZED_AUTOS = YES_AGGRESSIVE;
				GCC_WARN_UNUSED_FUNCTION = YES;
				GCC_WARN_UNUSED_VARIABLE = YES;
				IPHONEOS_DEPLOYMENT_TARGET = 17.4;
				LOCALIZATION_PREFERS_STRING_CATALOGS = YES;
				MTL_ENABLE_DEBUG_INFO = NO;
				MTL_FAST_MATH = YES;
				SDKROOT = iphoneos;
				SWIFT_COMPILATION_MODE = wholemodule;
				VALIDATE_PRODUCT = YES;
			};
			name = Release;
		};
		9814ED342BBBA51F0030524B /* Debug */ = {
			isa = XCBuildConfiguration;
			buildSettings = {
				ASSETCATALOG_COMPILER_APPICON_NAME = AppIcon;
				ASSETCATALOG_COMPILER_GLOBAL_ACCENT_COLOR_NAME = AccentColor;
				CODE_SIGN_STYLE = Automatic;
				CURRENT_PROJECT_VERSION = 1;
				DEVELOPMENT_ASSET_PATHS = "\"Cafe-Project/Preview Content\"";
				DEVELOPMENT_TEAM = WRJXN2DGS3;
				ENABLE_PREVIEWS = YES;
				GENERATE_INFOPLIST_FILE = YES;
				INFOPLIST_KEY_UIApplicationSceneManifest_Generation = YES;
				INFOPLIST_KEY_UIApplicationSupportsIndirectInputEvents = YES;
				INFOPLIST_KEY_UILaunchScreen_Generation = YES;
				INFOPLIST_KEY_UISupportedInterfaceOrientations_iPad = "UIInterfaceOrientationPortrait UIInterfaceOrientationPortraitUpsideDown UIInterfaceOrientationLandscapeLeft UIInterfaceOrientationLandscapeRight";
				INFOPLIST_KEY_UISupportedInterfaceOrientations_iPhone = "UIInterfaceOrientationPortrait UIInterfaceOrientationLandscapeLeft UIInterfaceOrientationLandscapeRight";
				LD_RUNPATH_SEARCH_PATHS = (
					"$(inherited)",
					"@executable_path/Frameworks",
				);
				MARKETING_VERSION = 1.0;
				PRODUCT_BUNDLE_IDENTIFIER = "com.cafe.cool.Cafe-Project";
				PRODUCT_NAME = "$(TARGET_NAME)";
				SWIFT_EMIT_LOC_STRINGS = YES;
				SWIFT_VERSION = 5.0;
				TARGETED_DEVICE_FAMILY = "1,2";
			};
			name = Debug;
		};
		9814ED352BBBA51F0030524B /* Release */ = {
			isa = XCBuildConfiguration;
			buildSettings = {
				ASSETCATALOG_COMPILER_APPICON_NAME = AppIcon;
				ASSETCATALOG_COMPILER_GLOBAL_ACCENT_COLOR_NAME = AccentColor;
				CODE_SIGN_STYLE = Automatic;
				CURRENT_PROJECT_VERSION = 1;
				DEVELOPMENT_ASSET_PATHS = "\"Cafe-Project/Preview Content\"";
				DEVELOPMENT_TEAM = WRJXN2DGS3;
				ENABLE_PREVIEWS = YES;
				GENERATE_INFOPLIST_FILE = YES;
				INFOPLIST_KEY_UIApplicationSceneManifest_Generation = YES;
				INFOPLIST_KEY_UIApplicationSupportsIndirectInputEvents = YES;
				INFOPLIST_KEY_UILaunchScreen_Generation = YES;
				INFOPLIST_KEY_UISupportedInterfaceOrientations_iPad = "UIInterfaceOrientationPortrait UIInterfaceOrientationPortraitUpsideDown UIInterfaceOrientationLandscapeLeft UIInterfaceOrientationLandscapeRight";
				INFOPLIST_KEY_UISupportedInterfaceOrientations_iPhone = "UIInterfaceOrientationPortrait UIInterfaceOrientationLandscapeLeft UIInterfaceOrientationLandscapeRight";
				LD_RUNPATH_SEARCH_PATHS = (
					"$(inherited)",
					"@executable_path/Frameworks",
				);
				MARKETING_VERSION = 1.0;
				PRODUCT_BUNDLE_IDENTIFIER = "com.cafe.cool.Cafe-Project";
				PRODUCT_NAME = "$(TARGET_NAME)";
				SWIFT_EMIT_LOC_STRINGS = YES;
				SWIFT_VERSION = 5.0;
				TARGETED_DEVICE_FAMILY = "1,2";
			};
			name = Release;
		};
		9814ED372BBBA51F0030524B /* Debug */ = {
			isa = XCBuildConfiguration;
			buildSettings = {
				ALWAYS_EMBED_SWIFT_STANDARD_LIBRARIES = YES;
				BUNDLE_LOADER = "$(TEST_HOST)";
				CODE_SIGN_STYLE = Automatic;
				CURRENT_PROJECT_VERSION = 1;
				DEVELOPMENT_TEAM = WRJXN2DGS3;
				GENERATE_INFOPLIST_FILE = YES;
				IPHONEOS_DEPLOYMENT_TARGET = 17.4;
				MARKETING_VERSION = 1.0;
				PRODUCT_BUNDLE_IDENTIFIER = "com.cafe.cool.Cafe-ProjectTests";
				PRODUCT_NAME = "$(TARGET_NAME)";
				SWIFT_EMIT_LOC_STRINGS = NO;
				SWIFT_VERSION = 5.0;
				TARGETED_DEVICE_FAMILY = "1,2";
				TEST_HOST = "$(BUILT_PRODUCTS_DIR)/Cafe-Project.app/$(BUNDLE_EXECUTABLE_FOLDER_PATH)/Cafe-Project";
			};
			name = Debug;
		};
		9814ED382BBBA51F0030524B /* Release */ = {
			isa = XCBuildConfiguration;
			buildSettings = {
				ALWAYS_EMBED_SWIFT_STANDARD_LIBRARIES = YES;
				BUNDLE_LOADER = "$(TEST_HOST)";
				CODE_SIGN_STYLE = Automatic;
				CURRENT_PROJECT_VERSION = 1;
				DEVELOPMENT_TEAM = WRJXN2DGS3;
				GENERATE_INFOPLIST_FILE = YES;
				IPHONEOS_DEPLOYMENT_TARGET = 17.4;
				MARKETING_VERSION = 1.0;
				PRODUCT_BUNDLE_IDENTIFIER = "com.cafe.cool.Cafe-ProjectTests";
				PRODUCT_NAME = "$(TARGET_NAME)";
				SWIFT_EMIT_LOC_STRINGS = NO;
				SWIFT_VERSION = 5.0;
				TARGETED_DEVICE_FAMILY = "1,2";
				TEST_HOST = "$(BUILT_PRODUCTS_DIR)/Cafe-Project.app/$(BUNDLE_EXECUTABLE_FOLDER_PATH)/Cafe-Project";
			};
			name = Release;
		};
		9814ED3A2BBBA51F0030524B /* Debug */ = {
			isa = XCBuildConfiguration;
			buildSettings = {
				ALWAYS_EMBED_SWIFT_STANDARD_LIBRARIES = YES;
				CODE_SIGN_STYLE = Automatic;
				CURRENT_PROJECT_VERSION = 1;
				DEVELOPMENT_TEAM = WRJXN2DGS3;
				GENERATE_INFOPLIST_FILE = YES;
				MARKETING_VERSION = 1.0;
				PRODUCT_BUNDLE_IDENTIFIER = "com.cafe.cool.Cafe-ProjectUITests";
				PRODUCT_NAME = "$(TARGET_NAME)";
				SWIFT_EMIT_LOC_STRINGS = NO;
				SWIFT_VERSION = 5.0;
				TARGETED_DEVICE_FAMILY = "1,2";
				TEST_TARGET_NAME = "Cafe-Project";
			};
			name = Debug;
		};
		9814ED3B2BBBA51F0030524B /* Release */ = {
			isa = XCBuildConfiguration;
			buildSettings = {
				ALWAYS_EMBED_SWIFT_STANDARD_LIBRARIES = YES;
				CODE_SIGN_STYLE = Automatic;
				CURRENT_PROJECT_VERSION = 1;
				DEVELOPMENT_TEAM = WRJXN2DGS3;
				GENERATE_INFOPLIST_FILE = YES;
				MARKETING_VERSION = 1.0;
				PRODUCT_BUNDLE_IDENTIFIER = "com.cafe.cool.Cafe-ProjectUITests";
				PRODUCT_NAME = "$(TARGET_NAME)";
				SWIFT_EMIT_LOC_STRINGS = NO;
				SWIFT_VERSION = 5.0;
				TARGETED_DEVICE_FAMILY = "1,2";
				TEST_TARGET_NAME = "Cafe-Project";
			};
			name = Release;
		};
/* End XCBuildConfiguration section */

/* Begin XCConfigurationList section */
		9814ED082BBBA51D0030524B /* Build configuration list for PBXProject "Cafe-Project" */ = {
			isa = XCConfigurationList;
			buildConfigurations = (
				9814ED312BBBA51F0030524B /* Debug */,
				9814ED322BBBA51F0030524B /* Release */,
			);
			defaultConfigurationIsVisible = 0;
			defaultConfigurationName = Release;
		};
		9814ED332BBBA51F0030524B /* Build configuration list for PBXNativeTarget "Cafe-Project" */ = {
			isa = XCConfigurationList;
			buildConfigurations = (
				9814ED342BBBA51F0030524B /* Debug */,
				9814ED352BBBA51F0030524B /* Release */,
			);
			defaultConfigurationIsVisible = 0;
			defaultConfigurationName = Release;
		};
		9814ED362BBBA51F0030524B /* Build configuration list for PBXNativeTarget "Cafe-ProjectTests" */ = {
			isa = XCConfigurationList;
			buildConfigurations = (
				9814ED372BBBA51F0030524B /* Debug */,
				9814ED382BBBA51F0030524B /* Release */,
			);
			defaultConfigurationIsVisible = 0;
			defaultConfigurationName = Release;
		};
		9814ED392BBBA51F0030524B /* Build configuration list for PBXNativeTarget "Cafe-ProjectUITests" */ = {
			isa = XCConfigurationList;
			buildConfigurations = (
				9814ED3A2BBBA51F0030524B /* Debug */,
				9814ED3B2BBBA51F0030524B /* Release */,
			);
			defaultConfigurationIsVisible = 0;
			defaultConfigurationName = Release;
		};
/* End XCConfigurationList section */
	};
	rootObject = 9814ED052BBBA51D0030524B /* Project object */;
}
